// !$*UTF8*$!
{
	archiveVersion = 1;
	classes = {
	};
	objectVersion = 56;
	objects = {

/* Begin PBXBuildFile section */
		8A9BFF67292F4B460070A255 /* MainViewController.swift in Sources */ = {isa = PBXBuildFile; fileRef = 8A9BFF66292F4B460070A255 /* MainViewController.swift */; };
		8AF8C7D329277711003BD0EE /* Alamofire in Frameworks */ = {isa = PBXBuildFile; productRef = 8AF8C7D229277711003BD0EE /* Alamofire */; };
		8AF8C7D629277720003BD0EE /* SwiftyJSON in Frameworks */ = {isa = PBXBuildFile; productRef = 8AF8C7D529277720003BD0EE /* SwiftyJSON */; };
		CE00803E291E255600EABF40 /* AppDelegate.swift in Sources */ = {isa = PBXBuildFile; fileRef = CE00803D291E255600EABF40 /* AppDelegate.swift */; };
		CE008040291E255600EABF40 /* SceneDelegate.swift in Sources */ = {isa = PBXBuildFile; fileRef = CE00803F291E255600EABF40 /* SceneDelegate.swift */; };
		CE008042291E255600EABF40 /* ViewController.swift in Sources */ = {isa = PBXBuildFile; fileRef = CE008041291E255600EABF40 /* ViewController.swift */; };
		CE008045291E255600EABF40 /* Main.storyboard in Resources */ = {isa = PBXBuildFile; fileRef = CE008043291E255600EABF40 /* Main.storyboard */; };
		CE008047291E255700EABF40 /* Assets.xcassets in Resources */ = {isa = PBXBuildFile; fileRef = CE008046291E255700EABF40 /* Assets.xcassets */; };
		CE00804A291E255700EABF40 /* LaunchScreen.storyboard in Resources */ = {isa = PBXBuildFile; fileRef = CE008048291E255700EABF40 /* LaunchScreen.storyboard */; };
		CE008062291E280500EABF40 /* Alegreya-Bold.ttf in Resources */ = {isa = PBXBuildFile; fileRef = CE008058291E280500EABF40 /* Alegreya-Bold.ttf */; };
		CE008063291E280500EABF40 /* Alegreya-Regular.ttf in Resources */ = {isa = PBXBuildFile; fileRef = CE008059291E280500EABF40 /* Alegreya-Regular.ttf */; };
		CE008064291E280500EABF40 /* Alegreya-BlackItalic.ttf in Resources */ = {isa = PBXBuildFile; fileRef = CE00805A291E280500EABF40 /* Alegreya-BlackItalic.ttf */; };
		CE008065291E280500EABF40 /* Alegreya-Medium.ttf in Resources */ = {isa = PBXBuildFile; fileRef = CE00805B291E280500EABF40 /* Alegreya-Medium.ttf */; };
		CE008066291E280500EABF40 /* Alegreya-MediumItalic.ttf in Resources */ = {isa = PBXBuildFile; fileRef = CE00805C291E280500EABF40 /* Alegreya-MediumItalic.ttf */; };
		CE008067291E280500EABF40 /* Alegreya-ExtraBoldItalic.ttf in Resources */ = {isa = PBXBuildFile; fileRef = CE00805D291E280500EABF40 /* Alegreya-ExtraBoldItalic.ttf */; };
		CE008068291E280500EABF40 /* Alegreya-BoldItalic.ttf in Resources */ = {isa = PBXBuildFile; fileRef = CE00805E291E280500EABF40 /* Alegreya-BoldItalic.ttf */; };
		CE008069291E280500EABF40 /* Alegreya-ExtraBold.ttf in Resources */ = {isa = PBXBuildFile; fileRef = CE00805F291E280500EABF40 /* Alegreya-ExtraBold.ttf */; };
		CE00806A291E280500EABF40 /* Alegreya-Black.ttf in Resources */ = {isa = PBXBuildFile; fileRef = CE008060291E280500EABF40 /* Alegreya-Black.ttf */; };
		CE00806B291E280500EABF40 /* Alegreya-Italic.ttf in Resources */ = {isa = PBXBuildFile; fileRef = CE008061291E280500EABF40 /* Alegreya-Italic.ttf */; };
/* End PBXBuildFile section */

/* Begin PBXFileReference section */
		8A9BFF66292F4B460070A255 /* MainViewController.swift */ = {isa = PBXFileReference; lastKnownFileType = sourcecode.swift; path = MainViewController.swift; sourceTree = "<group>"; };
		CE00803A291E255600EABF40 /* Meditation.app */ = {isa = PBXFileReference; explicitFileType = wrapper.application; includeInIndex = 0; path = Meditation.app; sourceTree = BUILT_PRODUCTS_DIR; };
		CE00803D291E255600EABF40 /* AppDelegate.swift */ = {isa = PBXFileReference; lastKnownFileType = sourcecode.swift; path = AppDelegate.swift; sourceTree = "<group>"; };
		CE00803F291E255600EABF40 /* SceneDelegate.swift */ = {isa = PBXFileReference; lastKnownFileType = sourcecode.swift; path = SceneDelegate.swift; sourceTree = "<group>"; };
		CE008041291E255600EABF40 /* ViewController.swift */ = {isa = PBXFileReference; lastKnownFileType = sourcecode.swift; path = ViewController.swift; sourceTree = "<group>"; };
		CE008044291E255600EABF40 /* Base */ = {isa = PBXFileReference; lastKnownFileType = file.storyboard; name = Base; path = Base.lproj/Main.storyboard; sourceTree = "<group>"; };
		CE008046291E255700EABF40 /* Assets.xcassets */ = {isa = PBXFileReference; lastKnownFileType = folder.assetcatalog; path = Assets.xcassets; sourceTree = "<group>"; };
		CE008049291E255700EABF40 /* Base */ = {isa = PBXFileReference; lastKnownFileType = file.storyboard; name = Base; path = Base.lproj/LaunchScreen.storyboard; sourceTree = "<group>"; };
		CE00804B291E255700EABF40 /* Info.plist */ = {isa = PBXFileReference; lastKnownFileType = text.plist.xml; path = Info.plist; sourceTree = "<group>"; };
		CE008058291E280500EABF40 /* Alegreya-Bold.ttf */ = {isa = PBXFileReference; lastKnownFileType = file; path = "Alegreya-Bold.ttf"; sourceTree = "<group>"; };
		CE008059291E280500EABF40 /* Alegreya-Regular.ttf */ = {isa = PBXFileReference; lastKnownFileType = file; path = "Alegreya-Regular.ttf"; sourceTree = "<group>"; };
		CE00805A291E280500EABF40 /* Alegreya-BlackItalic.ttf */ = {isa = PBXFileReference; lastKnownFileType = file; path = "Alegreya-BlackItalic.ttf"; sourceTree = "<group>"; };
		CE00805B291E280500EABF40 /* Alegreya-Medium.ttf */ = {isa = PBXFileReference; lastKnownFileType = file; path = "Alegreya-Medium.ttf"; sourceTree = "<group>"; };
		CE00805C291E280500EABF40 /* Alegreya-MediumItalic.ttf */ = {isa = PBXFileReference; lastKnownFileType = file; path = "Alegreya-MediumItalic.ttf"; sourceTree = "<group>"; };
		CE00805D291E280500EABF40 /* Alegreya-ExtraBoldItalic.ttf */ = {isa = PBXFileReference; lastKnownFileType = file; path = "Alegreya-ExtraBoldItalic.ttf"; sourceTree = "<group>"; };
		CE00805E291E280500EABF40 /* Alegreya-BoldItalic.ttf */ = {isa = PBXFileReference; lastKnownFileType = file; path = "Alegreya-BoldItalic.ttf"; sourceTree = "<group>"; };
		CE00805F291E280500EABF40 /* Alegreya-ExtraBold.ttf */ = {isa = PBXFileReference; lastKnownFileType = file; path = "Alegreya-ExtraBold.ttf"; sourceTree = "<group>"; };
		CE008060291E280500EABF40 /* Alegreya-Black.ttf */ = {isa = PBXFileReference; lastKnownFileType = file; path = "Alegreya-Black.ttf"; sourceTree = "<group>"; };
		CE008061291E280500EABF40 /* Alegreya-Italic.ttf */ = {isa = PBXFileReference; lastKnownFileType = file; path = "Alegreya-Italic.ttf"; sourceTree = "<group>"; };
/* End PBXFileReference section */

/* Begin PBXFrameworksBuildPhase section */
		CE008037291E255600EABF40 /* Frameworks */ = {
			isa = PBXFrameworksBuildPhase;
			buildActionMask = 2147483647;
			files = (
				8AF8C7D629277720003BD0EE /* SwiftyJSON in Frameworks */,
				8AF8C7D329277711003BD0EE /* Alamofire in Frameworks */,
			);
			runOnlyForDeploymentPostprocessing = 0;
		};
/* End PBXFrameworksBuildPhase section */

/* Begin PBXGroup section */
		CE008031291E255600EABF40 = {
			isa = PBXGroup;
			children = (
				CE00803C291E255600EABF40 /* Meditation */,
				CE00803B291E255600EABF40 /* Products */,
			);
			sourceTree = "<group>";
		};
		CE00803B291E255600EABF40 /* Products */ = {
			isa = PBXGroup;
			children = (
				CE00803A291E255600EABF40 /* Meditation.app */,
			);
			name = Products;
			sourceTree = "<group>";
		};
		CE00803C291E255600EABF40 /* Meditation */ = {
			isa = PBXGroup;
			children = (
				CE008057291E27CA00EABF40 /* Fonts */,
				CE00803D291E255600EABF40 /* AppDelegate.swift */,
				CE00803F291E255600EABF40 /* SceneDelegate.swift */,
				CE008041291E255600EABF40 /* ViewController.swift */,
				CE008043291E255600EABF40 /* Main.storyboard */,
				8A9BFF66292F4B460070A255 /* MainViewController.swift */,
				CE008046291E255700EABF40 /* Assets.xcassets */,
				CE008048291E255700EABF40 /* LaunchScreen.storyboard */,
				CE00804B291E255700EABF40 /* Info.plist */,
			);
			path = Meditation;
			sourceTree = "<group>";
		};
		CE008057291E27CA00EABF40 /* Fonts */ = {
			isa = PBXGroup;
			children = (
				CE008060291E280500EABF40 /* Alegreya-Black.ttf */,
				CE00805A291E280500EABF40 /* Alegreya-BlackItalic.ttf */,
				CE008058291E280500EABF40 /* Alegreya-Bold.ttf */,
				CE00805E291E280500EABF40 /* Alegreya-BoldItalic.ttf */,
				CE00805F291E280500EABF40 /* Alegreya-ExtraBold.ttf */,
				CE00805D291E280500EABF40 /* Alegreya-ExtraBoldItalic.ttf */,
				CE008061291E280500EABF40 /* Alegreya-Italic.ttf */,
				CE00805B291E280500EABF40 /* Alegreya-Medium.ttf */,
				CE00805C291E280500EABF40 /* Alegreya-MediumItalic.ttf */,
				CE008059291E280500EABF40 /* Alegreya-Regular.ttf */,
			);
			path = Fonts;
			sourceTree = "<group>";
		};
/* End PBXGroup section */

/* Begin PBXNativeTarget section */
		CE008039291E255600EABF40 /* Meditation */ = {
			isa = PBXNativeTarget;
			buildConfigurationList = CE00804E291E255700EABF40 /* Build configuration list for PBXNativeTarget "Meditation" */;
			buildPhases = (
				CE008036291E255600EABF40 /* Sources */,
				CE008037291E255600EABF40 /* Frameworks */,
				CE008038291E255600EABF40 /* Resources */,
			);
			buildRules = (
			);
			dependencies = (
			);
			name = Meditation;
			packageProductDependencies = (
				8AF8C7D229277711003BD0EE /* Alamofire */,
				8AF8C7D529277720003BD0EE /* SwiftyJSON */,
			);
			productName = Meditation;
			productReference = CE00803A291E255600EABF40 /* Meditation.app */;
			productType = "com.apple.product-type.application";
		};
/* End PBXNativeTarget section */

/* Begin PBXProject section */
		CE008032291E255600EABF40 /* Project object */ = {
			isa = PBXProject;
			attributes = {
				BuildIndependentTargetsInParallel = 1;
				LastSwiftUpdateCheck = 1400;
				LastUpgradeCheck = 1400;
				TargetAttributes = {
					CE008039291E255600EABF40 = {
						CreatedOnToolsVersion = 14.0.1;
						LastSwiftMigration = 1400;
					};
				};
			};
			buildConfigurationList = CE008035291E255600EABF40 /* Build configuration list for PBXProject "Meditation" */;
			compatibilityVersion = "Xcode 14.0";
			developmentRegion = en;
			hasScannedForEncodings = 0;
			knownRegions = (
				en,
				Base,
			);
			mainGroup = CE008031291E255600EABF40;
			packageReferences = (
				8AF8C7D129277711003BD0EE /* XCRemoteSwiftPackageReference "alamofire" */,
				8AF8C7D429277720003BD0EE /* XCRemoteSwiftPackageReference "swiftyJSON" */,
			);
			productRefGroup = CE00803B291E255600EABF40 /* Products */;
			projectDirPath = "";
			projectRoot = "";
			targets = (
				CE008039291E255600EABF40 /* Meditation */,
			);
		};
/* End PBXProject section */

/* Begin PBXResourcesBuildPhase section */
		CE008038291E255600EABF40 /* Resources */ = {
			isa = PBXResourcesBuildPhase;
			buildActionMask = 2147483647;
			files = (
				CE00806B291E280500EABF40 /* Alegreya-Italic.ttf in Resources */,
				CE00804A291E255700EABF40 /* LaunchScreen.storyboard in Resources */,
				CE008062291E280500EABF40 /* Alegreya-Bold.ttf in Resources */,
				CE008047291E255700EABF40 /* Assets.xcassets in Resources */,
				CE008066291E280500EABF40 /* Alegreya-MediumItalic.ttf in Resources */,
				CE008067291E280500EABF40 /* Alegreya-ExtraBoldItalic.ttf in Resources */,
				CE008065291E280500EABF40 /* Alegreya-Medium.ttf in Resources */,
				CE008063291E280500EABF40 /* Alegreya-Regular.ttf in Resources */,
				CE008069291E280500EABF40 /* Alegreya-ExtraBold.ttf in Resources */,
				CE008064291E280500EABF40 /* Alegreya-BlackItalic.ttf in Resources */,
				CE008045291E255600EABF40 /* Main.storyboard in Resources */,
				CE00806A291E280500EABF40 /* Alegreya-Black.ttf in Resources */,
				CE008068291E280500EABF40 /* Alegreya-BoldItalic.ttf in Resources */,
			);
			runOnlyForDeploymentPostprocessing = 0;
		};
/* End PBXResourcesBuildPhase section */

/* Begin PBXSourcesBuildPhase section */
		CE008036291E255600EABF40 /* Sources */ = {
			isa = PBXSourcesBuildPhase;
			buildActionMask = 2147483647;
			files = (
				CE008042291E255600EABF40 /* ViewController.swift in Sources */,
				CE00803E291E255600EABF40 /* AppDelegate.swift in Sources */,
				CE008040291E255600EABF40 /* SceneDelegate.swift in Sources */,
				8A9BFF67292F4B460070A255 /* MainViewController.swift in Sources */,
			);
			runOnlyForDeploymentPostprocessing = 0;
		};
/* End PBXSourcesBuildPhase section */

/* Begin PBXVariantGroup section */
		CE008043291E255600EABF40 /* Main.storyboard */ = {
			isa = PBXVariantGroup;
			children = (
				CE008044291E255600EABF40 /* Base */,
			);
			name = Main.storyboard;
			sourceTree = "<group>";
		};
		CE008048291E255700EABF40 /* LaunchScreen.storyboard */ = {
			isa = PBXVariantGroup;
			children = (
				CE008049291E255700EABF40 /* Base */,
			);
			name = LaunchScreen.storyboard;
			sourceTree = "<group>";
		};
/* End PBXVariantGroup section */

/* Begin XCBuildConfiguration section */
		CE00804C291E255700EABF40 /* Debug */ = {
			isa = XCBuildConfiguration;
			buildSettings = {
				ALWAYS_SEARCH_USER_PATHS = NO;
				CLANG_ANALYZER_NONNULL = YES;
				CLANG_ANALYZER_NUMBER_OBJECT_CONVERSION = YES_AGGRESSIVE;
				CLANG_CXX_LANGUAGE_STANDARD = "gnu++20";
				CLANG_ENABLE_MODULES = YES;
				CLANG_ENABLE_OBJC_ARC = YES;
				CLANG_ENABLE_OBJC_WEAK = YES;
				CLANG_WARN_BLOCK_CAPTURE_AUTORELEASING = YES;
				CLANG_WARN_BOOL_CONVERSION = YES;
				CLANG_WARN_COMMA = YES;
				CLANG_WARN_CONSTANT_CONVERSION = YES;
				CLANG_WARN_DEPRECATED_OBJC_IMPLEMENTATIONS = YES;
				CLANG_WARN_DIRECT_OBJC_ISA_USAGE = YES_ERROR;
				CLANG_WARN_DOCUMENTATION_COMMENTS = YES;
				CLANG_WARN_EMPTY_BODY = YES;
				CLANG_WARN_ENUM_CONVERSION = YES;
				CLANG_WARN_INFINITE_RECURSION = YES;
				CLANG_WARN_INT_CONVERSION = YES;
				CLANG_WARN_NON_LITERAL_NULL_CONVERSION = YES;
				CLANG_WARN_OBJC_IMPLICIT_RETAIN_SELF = YES;
				CLANG_WARN_OBJC_LITERAL_CONVERSION = YES;
				CLANG_WARN_OBJC_ROOT_CLASS = YES_ERROR;
				CLANG_WARN_QUOTED_INCLUDE_IN_FRAMEWORK_HEADER = YES;
				CLANG_WARN_RANGE_LOOP_ANALYSIS = YES;
				CLANG_WARN_STRICT_PROTOTYPES = YES;
				CLANG_WARN_SUSPICIOUS_MOVE = YES;
				CLANG_WARN_UNGUARDED_AVAILABILITY = YES_AGGRESSIVE;
				CLANG_WARN_UNREACHABLE_CODE = YES;
				CLANG_WARN__DUPLICATE_METHOD_MATCH = YES;
				COPY_PHASE_STRIP = NO;
				DEBUG_INFORMATION_FORMAT = dwarf;
				ENABLE_STRICT_OBJC_MSGSEND = YES;
				ENABLE_TESTABILITY = YES;
				GCC_C_LANGUAGE_STANDARD = gnu11;
				GCC_DYNAMIC_NO_PIC = NO;
				GCC_NO_COMMON_BLOCKS = YES;
				GCC_OPTIMIZATION_LEVEL = 0;
				GCC_PREPROCESSOR_DEFINITIONS = (
					"DEBUG=1",
					"$(inherited)",
				);
				GCC_WARN_64_TO_32_BIT_CONVERSION = YES;
				GCC_WARN_ABOUT_RETURN_TYPE = YES_ERROR;
				GCC_WARN_UNDECLARED_SELECTOR = YES;
				GCC_WARN_UNINITIALIZED_AUTOS = YES_AGGRESSIVE;
				GCC_WARN_UNUSED_FUNCTION = YES;
				GCC_WARN_UNUSED_VARIABLE = YES;
				IPHONEOS_DEPLOYMENT_TARGET = 16.0;
				MTL_ENABLE_DEBUG_INFO = INCLUDE_SOURCE;
				MTL_FAST_MATH = YES;
				ONLY_ACTIVE_ARCH = YES;
				SDKROOT = iphoneos;
				SWIFT_ACTIVE_COMPILATION_CONDITIONS = DEBUG;
				SWIFT_OPTIMIZATION_LEVEL = "-Onone";
			};
			name = Debug;
		};
		CE00804D291E255700EABF40 /* Release */ = {
			isa = XCBuildConfiguration;
			buildSettings = {
				ALWAYS_SEARCH_USER_PATHS = NO;
				CLANG_ANALYZER_NONNULL = YES;
				CLANG_ANALYZER_NUMBER_OBJECT_CONVERSION = YES_AGGRESSIVE;
				CLANG_CXX_LANGUAGE_STANDARD = "gnu++20";
				CLANG_ENABLE_MODULES = YES;
				CLANG_ENABLE_OBJC_ARC = YES;
				CLANG_ENABLE_OBJC_WEAK = YES;
				CLANG_WARN_BLOCK_CAPTURE_AUTORELEASING = YES;
				CLANG_WARN_BOOL_CONVERSION = YES;
				CLANG_WARN_COMMA = YES;
				CLANG_WARN_CONSTANT_CONVERSION = YES;
				CLANG_WARN_DEPRECATED_OBJC_IMPLEMENTATIONS = YES;
				CLANG_WARN_DIRECT_OBJC_ISA_USAGE = YES_ERROR;
				CLANG_WARN_DOCUMENTATION_COMMENTS = YES;
				CLANG_WARN_EMPTY_BODY = YES;
				CLANG_WARN_ENUM_CONVERSION = YES;
				CLANG_WARN_INFINITE_RECURSION = YES;
				CLANG_WARN_INT_CONVERSION = YES;
				CLANG_WARN_NON_LITERAL_NULL_CONVERSION = YES;
				CLANG_WARN_OBJC_IMPLICIT_RETAIN_SELF = YES;
				CLANG_WARN_OBJC_LITERAL_CONVERSION = YES;
				CLANG_WARN_OBJC_ROOT_CLASS = YES_ERROR;
				CLANG_WARN_QUOTED_INCLUDE_IN_FRAMEWORK_HEADER = YES;
				CLANG_WARN_RANGE_LOOP_ANALYSIS = YES;
				CLANG_WARN_STRICT_PROTOTYPES = YES;
				CLANG_WARN_SUSPICIOUS_MOVE = YES;
				CLANG_WARN_UNGUARDED_AVAILABILITY = YES_AGGRESSIVE;
				CLANG_WARN_UNREACHABLE_CODE = YES;
				CLANG_WARN__DUPLICATE_METHOD_MATCH = YES;
				COPY_PHASE_STRIP = NO;
				DEBUG_INFORMATION_FORMAT = "dwarf-with-dsym";
				ENABLE_NS_ASSERTIONS = NO;
				ENABLE_STRICT_OBJC_MSGSEND = YES;
				GCC_C_LANGUAGE_STANDARD = gnu11;
				GCC_NO_COMMON_BLOCKS = YES;
				GCC_WARN_64_TO_32_BIT_CONVERSION = YES;
				GCC_WARN_ABOUT_RETURN_TYPE = YES_ERROR;
				GCC_WARN_UNDECLARED_SELECTOR = YES;
				GCC_WARN_UNINITIALIZED_AUTOS = YES_AGGRESSIVE;
				GCC_WARN_UNUSED_FUNCTION = YES;
				GCC_WARN_UNUSED_VARIABLE = YES;
				IPHONEOS_DEPLOYMENT_TARGET = 16.0;
				MTL_ENABLE_DEBUG_INFO = NO;
				MTL_FAST_MATH = YES;
				SDKROOT = iphoneos;
				SWIFT_COMPILATION_MODE = wholemodule;
				SWIFT_OPTIMIZATION_LEVEL = "-O";
				VALIDATE_PRODUCT = YES;
			};
			name = Release;
		};
		CE00804F291E255700EABF40 /* Debug */ = {
			isa = XCBuildConfiguration;
			buildSettings = {
				ASSETCATALOG_COMPILER_APPICON_NAME = AppIcon;
				ASSETCATALOG_COMPILER_GLOBAL_ACCENT_COLOR_NAME = AccentColor;
				CLANG_ENABLE_MODULES = YES;
				CODE_SIGN_STYLE = Automatic;
				CURRENT_PROJECT_VERSION = 1;
				GENERATE_INFOPLIST_FILE = YES;
				INFOPLIST_FILE = Meditation/Info.plist;
				INFOPLIST_KEY_UIApplicationSupportsIndirectInputEvents = YES;
				INFOPLIST_KEY_UILaunchStoryboardName = LaunchScreen;
				INFOPLIST_KEY_UIMainStoryboardFile = Main;
				INFOPLIST_KEY_UISupportedInterfaceOrientations_iPad = "UIInterfaceOrientationPortrait UIInterfaceOrientationPortraitUpsideDown UIInterfaceOrientationLandscapeLeft UIInterfaceOrientationLandscapeRight";
				INFOPLIST_KEY_UISupportedInterfaceOrientations_iPhone = "UIInterfaceOrientationPortrait UIInterfaceOrientationLandscapeLeft UIInterfaceOrientationLandscapeRight";
				IPHONEOS_DEPLOYMENT_TARGET = 14.4;
				LD_RUNPATH_SEARCH_PATHS = (
					"$(inherited)",
					"@executable_path/Frameworks",
				);
				MARKETING_VERSION = 1.0;
				PRODUCT_BUNDLE_IDENTIFIER = ru.madwsr.Meditation;
				PRODUCT_NAME = "$(TARGET_NAME)";
				SUPPORTED_PLATFORMS = "iphoneos iphonesimulator";
				SUPPORTS_MACCATALYST = NO;
				SUPPORTS_MAC_DESIGNED_FOR_IPHONE_IPAD = NO;
				SWIFT_EMIT_LOC_STRINGS = YES;
				SWIFT_OBJC_BRIDGING_HEADER = "Meditation/Meditation-Bridging-Header.h";
				SWIFT_OPTIMIZATION_LEVEL = "-Onone";
				SWIFT_VERSION = 5.0;
				TARGETED_DEVICE_FAMILY = 1;
			};
			name = Debug;
		};
		CE008050291E255700EABF40 /* Release */ = {
			isa = XCBuildConfiguration;
			buildSettings = {
				ASSETCATALOG_COMPILER_APPICON_NAME = AppIcon;
				ASSETCATALOG_COMPILER_GLOBAL_ACCENT_COLOR_NAME = AccentColor;
				CLANG_ENABLE_MODULES = YES;
				CODE_SIGN_STYLE = Automatic;
				CURRENT_PROJECT_VERSION = 1;
				GENERATE_INFOPLIST_FILE = YES;
				INFOPLIST_FILE = Meditation/Info.plist;
				INFOPLIST_KEY_UIApplicationSupportsIndirectInputEvents = YES;
				INFOPLIST_KEY_UILaunchStoryboardName = LaunchScreen;
				INFOPLIST_KEY_UIMainStoryboardFile = Main;
				INFOPLIST_KEY_UISupportedInterfaceOrientations_iPad = "UIInterfaceOrientationPortrait UIInterfaceOrientationPortraitUpsideDown UIInterfaceOrientationLandscapeLeft UIInterfaceOrientationLandscapeRight";
				INFOPLIST_KEY_UISupportedInterfaceOrientations_iPhone = "UIInterfaceOrientationPortrait UIInterfaceOrientationLandscapeLeft UIInterfaceOrientationLandscapeRight";
				IPHONEOS_DEPLOYMENT_TARGET = 14.4;
				LD_RUNPATH_SEARCH_PATHS = (
					"$(inherited)",
					"@executable_path/Frameworks",
				);
				MARKETING_VERSION = 1.0;
				PRODUCT_BUNDLE_IDENTIFIER = ru.madwsr.Meditation;
				PRODUCT_NAME = "$(TARGET_NAME)";
				SUPPORTED_PLATFORMS = "iphoneos iphonesimulator";
				SUPPORTS_MACCATALYST = NO;
				SUPPORTS_MAC_DESIGNED_FOR_IPHONE_IPAD = NO;
				SWIFT_EMIT_LOC_STRINGS = YES;
				SWIFT_OBJC_BRIDGING_HEADER = "Meditation/Meditation-Bridging-Header.h";
				SWIFT_VERSION = 5.0;
				TARGETED_DEVICE_FAMILY = 1;
			};
			name = Release;
		};
/* End XCBuildConfiguration section */

/* Begin XCConfigurationList section */
		CE008035291E255600EABF40 /* Build configuration list for PBXProject "Meditation" */ = {
			isa = XCConfigurationList;
			buildConfigurations = (
				CE00804C291E255700EABF40 /* Debug */,
				CE00804D291E255700EABF40 /* Release */,
			);
			defaultConfigurationIsVisible = 0;
			defaultConfigurationName = Release;
		};
		CE00804E291E255700EABF40 /* Build configuration list for PBXNativeTarget "Meditation" */ = {
			isa = XCConfigurationList;
			buildConfigurations = (
				CE00804F291E255700EABF40 /* Debug */,
				CE008050291E255700EABF40 /* Release */,
			);
			defaultConfigurationIsVisible = 0;
			defaultConfigurationName = Release;
		};
/* End XCConfigurationList section */

/* Begin XCRemoteSwiftPackageReference section */
		8AF8C7D129277711003BD0EE /* XCRemoteSwiftPackageReference "alamofire" */ = {
			isa = XCRemoteSwiftPackageReference;
			repositoryURL = "http://github.com/alamofire/alamofire";
			requirement = {
				kind = upToNextMajorVersion;
				minimumVersion = 5.0.0;
			};
		};
		8AF8C7D429277720003BD0EE /* XCRemoteSwiftPackageReference "swiftyJSON" */ = {
			isa = XCRemoteSwiftPackageReference;
			repositoryURL = "http://github.com/swiftyJSON/swiftyJSON/";
			requirement = {
				kind = upToNextMajorVersion;
				minimumVersion = 5.0.0;
			};
		};
/* End XCRemoteSwiftPackageReference section */

/* Begin XCSwiftPackageProductDependency section */
		8AF8C7D229277711003BD0EE /* Alamofire */ = {
			isa = XCSwiftPackageProductDependency;
			package = 8AF8C7D129277711003BD0EE /* XCRemoteSwiftPackageReference "alamofire" */;
			productName = Alamofire;
		};
		8AF8C7D529277720003BD0EE /* SwiftyJSON */ = {
			isa = XCSwiftPackageProductDependency;
			package = 8AF8C7D429277720003BD0EE /* XCRemoteSwiftPackageReference "swiftyJSON" */;
			productName = SwiftyJSON;
		};
/* End XCSwiftPackageProductDependency section */
	};
	rootObject = CE008032291E255600EABF40 /* Project object */;
}
